version: 6
environments:
  default:
    channels:
      - url: conda-forge
    packages:
      linux-64:
        - conda: https://conda.anaconda.org/conda-forge/noarch/python_abi-3.13-7_cp313.conda
    requested-packages:
      linux-64:
        - python_abi
packages:
  - conda: https://conda.anaconda.org/conda-forge/noarch/python_abi-3.13-7_cp313.conda
    sha256: 0595134584589064f56e67d3de1d8fcbb673a972946bce25fb593fb092fdcd97
    md5: e84b44e6300f1703cb25d29120c5b1d8
    constrains:
      - python 3.13.* *_cp313
    license: BSD-3-Clause
    size: 6988
